// !$*UTF8*$!
{
	archiveVersion = 1;
	classes = {
	};
	objectVersion = 46;
	objects = {

/* Begin PBXBuildFile section */
		2D03ED5C1D2A5C7E009B96B5 /* CZFace.cpp in Sources */ = {isa = PBXBuildFile; fileRef = 2D03ED5A1D2A5C7E009B96B5 /* CZFace.cpp */; };
		2D23747E1D239F6A00D71517 /* Application3D.cpp in Sources */ = {isa = PBXBuildFile; fileRef = 2D2374671D239F6A00D71517 /* Application3D.cpp */; };
		2D23747F1D239F6A00D71517 /* CZGeometry.cpp in Sources */ = {isa = PBXBuildFile; fileRef = 2D23746B1D239F6A00D71517 /* CZGeometry.cpp */; };
		2D2374801D239F6A00D71517 /* CZMat4.cpp in Sources */ = {isa = PBXBuildFile; fileRef = 2D23746E1D239F6A00D71517 /* CZMat4.cpp */; };
		2D2374811D239F6A00D71517 /* CZMaterial.cpp in Sources */ = {isa = PBXBuildFile; fileRef = 2D2374701D239F6A00D71517 /* CZMaterial.cpp */; };
		2D2374821D239F6A00D71517 /* CZMaterialLib.cpp in Sources */ = {isa = PBXBuildFile; fileRef = 2D2374721D239F6A00D71517 /* CZMaterialLib.cpp */; };
		2D2374831D239F6A00D71517 /* CZObjFileParser.cpp in Sources */ = {isa = PBXBuildFile; fileRef = 2D2374741D239F6A00D71517 /* CZObjFileParser.cpp */; };
		2D2374841D239F6A00D71517 /* CZObjModel.cpp in Sources */ = {isa = PBXBuildFile; fileRef = 2D2374761D239F6A00D71517 /* CZObjModel.cpp */; };
		2D2374851D239F6A00D71517 /* CZShader.cpp in Sources */ = {isa = PBXBuildFile; fileRef = 2D2374781D239F6A00D71517 /* CZShader.cpp */; };
		2D2374861D239F6A00D71517 /* CZUtil.mm in Sources */ = {isa = PBXBuildFile; fileRef = 2D23747A1D239F6A00D71517 /* CZUtil.mm */; };
		2D2374871D239F6A00D71517 /* UIImage+Resize.m in Sources */ = {isa = PBXBuildFile; fileRef = 2D23747D1D239F6A00D71517 /* UIImage+Resize.m */; };
		2D23748C1D239FBE00D71517 /* OpenGLES.framework in Frameworks */ = {isa = PBXBuildFile; fileRef = 2D23748B1D239FBE00D71517 /* OpenGLES.framework */; };
		2D2374911D23AAA100D71517 /* CZNode.cpp in Sources */ = {isa = PBXBuildFile; fileRef = 2D2374901D23AAA100D71517 /* CZNode.cpp */; };
		2D2374971D23BEA400D71517 /* CZAnimaitonManager.cpp in Sources */ = {isa = PBXBuildFile; fileRef = 2D2374951D23BEA400D71517 /* CZAnimaitonManager.cpp */; };
		2D23749A1D23BF3800D71517 /* CZAnimation.cpp in Sources */ = {isa = PBXBuildFile; fileRef = 2D2374981D23BF3800D71517 /* CZAnimation.cpp */; };
		2D23749D1D23C35900D71517 /* CZShapeAnimation.cpp in Sources */ = {isa = PBXBuildFile; fileRef = 2D23749B1D23C35900D71517 /* CZShapeAnimation.cpp */; };
		2D2374A01D23C3D100D71517 /* CZCube.cpp in Sources */ = {isa = PBXBuildFile; fileRef = 2D23749E1D23C3D100D71517 /* CZCube.cpp */; };
/* End PBXBuildFile section */

/* Begin PBXCopyFilesBuildPhase section */
		2D2374331D239E6B00D71517 /* CopyFiles */ = {
			isa = PBXCopyFilesBuildPhase;
			buildActionMask = 2147483647;
			dstPath = "include/$(PRODUCT_NAME)";
			dstSubfolderSpec = 16;
			files = (
			);
			runOnlyForDeploymentPostprocessing = 0;
		};
/* End PBXCopyFilesBuildPhase section */

/* Begin PBXFileReference section */
		2D03ED5A1D2A5C7E009B96B5 /* CZFace.cpp */ = {isa = PBXFileReference; fileEncoding = 4; lastKnownFileType = sourcecode.cpp.cpp; name = CZFace.cpp; path = ../../../src/shape/CZFace.cpp; sourceTree = "<group>"; };
		2D03ED5B1D2A5C7E009B96B5 /* CZFace.hpp */ = {isa = PBXFileReference; fileEncoding = 4; lastKnownFileType = sourcecode.cpp.h; name = CZFace.hpp; path = ../../../src/shape/CZFace.hpp; sourceTree = "<group>"; };
		2D2374351D239E6B00D71517 /* libApplication3D.a */ = {isa = PBXFileReference; explicitFileType = archive.ar; includeInIndex = 0; path = libApplication3D.a; sourceTree = BUILT_PRODUCTS_DIR; };
		2D2374671D239F6A00D71517 /* Application3D.cpp */ = {isa = PBXFileReference; fileEncoding = 4; lastKnownFileType = sourcecode.cpp.cpp; name = Application3D.cpp; path = ../../../src/Application3D.cpp; sourceTree = "<group>"; };
		2D2374681D239F6A00D71517 /* Application3D.h */ = {isa = PBXFileReference; fileEncoding = 4; lastKnownFileType = sourcecode.c.h; name = Application3D.h; path = ../../../src/Application3D.h; sourceTree = "<group>"; };
		2D2374691D239F6A00D71517 /* CZBasic.h */ = {isa = PBXFileReference; fileEncoding = 4; lastKnownFileType = sourcecode.c.h; name = CZBasic.h; path = ../../../src/CZBasic.h; sourceTree = "<group>"; };
		2D23746A1D239F6A00D71517 /* CZDefine.h */ = {isa = PBXFileReference; fileEncoding = 4; lastKnownFileType = sourcecode.c.h; name = CZDefine.h; path = ../../../src/CZDefine.h; sourceTree = "<group>"; };
		2D23746B1D239F6A00D71517 /* CZGeometry.cpp */ = {isa = PBXFileReference; fileEncoding = 4; lastKnownFileType = sourcecode.cpp.cpp; name = CZGeometry.cpp; path = ../../../src/CZGeometry.cpp; sourceTree = "<group>"; };
		2D23746C1D239F6A00D71517 /* CZGeometry.h */ = {isa = PBXFileReference; fileEncoding = 4; lastKnownFileType = sourcecode.c.h; name = CZGeometry.h; path = ../../../src/CZGeometry.h; sourceTree = "<group>"; };
		2D23746D1D239F6A00D71517 /* CZLog.h */ = {isa = PBXFileReference; fileEncoding = 4; lastKnownFileType = sourcecode.c.h; name = CZLog.h; path = ../../../src/CZLog.h; sourceTree = "<group>"; };
		2D23746E1D239F6A00D71517 /* CZMat4.cpp */ = {isa = PBXFileReference; fileEncoding = 4; lastKnownFileType = sourcecode.cpp.cpp; name = CZMat4.cpp; path = ../../../src/CZMat4.cpp; sourceTree = "<group>"; };
		2D23746F1D239F6A00D71517 /* CZMat4.h */ = {isa = PBXFileReference; fileEncoding = 4; lastKnownFileType = sourcecode.c.h; name = CZMat4.h; path = ../../../src/CZMat4.h; sourceTree = "<group>"; };
		2D2374701D239F6A00D71517 /* CZMaterial.cpp */ = {isa = PBXFileReference; fileEncoding = 4; lastKnownFileType = sourcecode.cpp.cpp; name = CZMaterial.cpp; path = ../../../src/CZMaterial.cpp; sourceTree = "<group>"; };
		2D2374711D239F6A00D71517 /* CZMaterial.h */ = {isa = PBXFileReference; fileEncoding = 4; lastKnownFileType = sourcecode.c.h; name = CZMaterial.h; path = ../../../src/CZMaterial.h; sourceTree = "<group>"; };
		2D2374721D239F6A00D71517 /* CZMaterialLib.cpp */ = {isa = PBXFileReference; fileEncoding = 4; lastKnownFileType = sourcecode.cpp.cpp; name = CZMaterialLib.cpp; path = ../../../src/CZMaterialLib.cpp; sourceTree = "<group>"; };
		2D2374731D239F6A00D71517 /* CZMaterialLib.h */ = {isa = PBXFileReference; fileEncoding = 4; lastKnownFileType = sourcecode.c.h; name = CZMaterialLib.h; path = ../../../src/CZMaterialLib.h; sourceTree = "<group>"; };
		2D2374741D239F6A00D71517 /* CZObjFileParser.cpp */ = {isa = PBXFileReference; fileEncoding = 4; lastKnownFileType = sourcecode.cpp.cpp; name = CZObjFileParser.cpp; path = ../../../src/CZObjFileParser.cpp; sourceTree = "<group>"; };
		2D2374751D239F6A00D71517 /* CZObjFileParser.h */ = {isa = PBXFileReference; fileEncoding = 4; lastKnownFileType = sourcecode.c.h; name = CZObjFileParser.h; path = ../../../src/CZObjFileParser.h; sourceTree = "<group>"; };
		2D2374761D239F6A00D71517 /* CZObjModel.cpp */ = {isa = PBXFileReference; fileEncoding = 4; lastKnownFileType = sourcecode.cpp.cpp; name = CZObjModel.cpp; path = ../../../src/CZObjModel.cpp; sourceTree = "<group>"; };
		2D2374771D239F6A00D71517 /* CZObjModel.h */ = {isa = PBXFileReference; fileEncoding = 4; lastKnownFileType = sourcecode.c.h; name = CZObjModel.h; path = ../../../src/CZObjModel.h; sourceTree = "<group>"; };
		2D2374781D239F6A00D71517 /* CZShader.cpp */ = {isa = PBXFileReference; fileEncoding = 4; lastKnownFileType = sourcecode.cpp.cpp; name = CZShader.cpp; path = ../../../src/CZShader.cpp; sourceTree = "<group>"; };
		2D2374791D239F6A00D71517 /* CZShader.h */ = {isa = PBXFileReference; fileEncoding = 4; lastKnownFileType = sourcecode.c.h; name = CZShader.h; path = ../../../src/CZShader.h; sourceTree = "<group>"; };
		2D23747A1D239F6A00D71517 /* CZUtil.mm */ = {isa = PBXFileReference; fileEncoding = 4; lastKnownFileType = sourcecode.cpp.objcpp; name = CZUtil.mm; path = ../../../src/CZUtil.mm; sourceTree = "<group>"; };
		2D23747B1D239F6A00D71517 /* CZVector.h */ = {isa = PBXFileReference; fileEncoding = 4; lastKnownFileType = sourcecode.c.h; name = CZVector.h; path = ../../../src/CZVector.h; sourceTree = "<group>"; };
		2D23747C1D239F6A00D71517 /* UIImage+Resize.h */ = {isa = PBXFileReference; fileEncoding = 4; lastKnownFileType = sourcecode.c.h; name = "UIImage+Resize.h"; path = "../../../src/UIImage+Resize.h"; sourceTree = "<group>"; };
		2D23747D1D239F6A00D71517 /* UIImage+Resize.m */ = {isa = PBXFileReference; fileEncoding = 4; lastKnownFileType = sourcecode.c.objc; name = "UIImage+Resize.m"; path = "../../../src/UIImage+Resize.m"; sourceTree = "<group>"; };
		2D2374881D239F8300D71517 /* CZShape.h */ = {isa = PBXFileReference; fileEncoding = 4; lastKnownFileType = sourcecode.c.h; name = CZShape.h; path = ../../../src/shape/CZShape.h; sourceTree = "<group>"; };
		2D2374891D239F9F00D71517 /* ChangeLog.md */ = {isa = PBXFileReference; fileEncoding = 4; lastKnownFileType = net.daringfireball.markdown; name = ChangeLog.md; path = ../ChangeLog.md; sourceTree = "<group>"; };
		2D23748B1D239FBE00D71517 /* OpenGLES.framework */ = {isa = PBXFileReference; lastKnownFileType = wrapper.framework; name = OpenGLES.framework; path = System/Library/Frameworks/OpenGLES.framework; sourceTree = SDKROOT; };
		2D23748F1D23A28700D71517 /* CZNode.h */ = {isa = PBXFileReference; fileEncoding = 4; lastKnownFileType = sourcecode.c.h; name = CZNode.h; path = ../../../src/CZNode.h; sourceTree = "<group>"; };
		2D2374901D23AAA100D71517 /* CZNode.cpp */ = {isa = PBXFileReference; fileEncoding = 4; lastKnownFileType = sourcecode.cpp.cpp; name = CZNode.cpp; path = ../../../src/CZNode.cpp; sourceTree = "<group>"; };
		2D2374951D23BEA400D71517 /* CZAnimaitonManager.cpp */ = {isa = PBXFileReference; fileEncoding = 4; lastKnownFileType = sourcecode.cpp.cpp; name = CZAnimaitonManager.cpp; path = ../../../src/animation/CZAnimaitonManager.cpp; sourceTree = "<group>"; };
		2D2374961D23BEA400D71517 /* CZAnimaitonManager.hpp */ = {isa = PBXFileReference; fileEncoding = 4; lastKnownFileType = sourcecode.cpp.h; name = CZAnimaitonManager.hpp; path = ../../../src/animation/CZAnimaitonManager.hpp; sourceTree = "<group>"; };
		2D2374981D23BF3800D71517 /* CZAnimation.cpp */ = {isa = PBXFileReference; fileEncoding = 4; lastKnownFileType = sourcecode.cpp.cpp; name = CZAnimation.cpp; path = ../../../src/animation/CZAnimation.cpp; sourceTree = "<group>"; };
		2D2374991D23BF3800D71517 /* CZAnimation.hpp */ = {isa = PBXFileReference; fileEncoding = 4; lastKnownFileType = sourcecode.cpp.h; name = CZAnimation.hpp; path = ../../../src/animation/CZAnimation.hpp; sourceTree = "<group>"; };
		2D23749B1D23C35900D71517 /* CZShapeAnimation.cpp */ = {isa = PBXFileReference; fileEncoding = 4; lastKnownFileType = sourcecode.cpp.cpp; name = CZShapeAnimation.cpp; path = ../../../src/animation/CZShapeAnimation.cpp; sourceTree = "<group>"; };
		2D23749C1D23C35900D71517 /* CZShapeAnimation.hpp */ = {isa = PBXFileReference; fileEncoding = 4; lastKnownFileType = sourcecode.cpp.h; name = CZShapeAnimation.hpp; path = ../../../src/animation/CZShapeAnimation.hpp; sourceTree = "<group>"; };
		2D23749E1D23C3D100D71517 /* CZCube.cpp */ = {isa = PBXFileReference; fileEncoding = 4; lastKnownFileType = sourcecode.cpp.cpp; name = CZCube.cpp; path = ../../../src/shape/CZCube.cpp; sourceTree = "<group>"; };
		2D23749F1D23C3D100D71517 /* CZCube.hpp */ = {isa = PBXFileReference; fileEncoding = 4; lastKnownFileType = sourcecode.cpp.h; name = CZCube.hpp; path = ../../../src/shape/CZCube.hpp; sourceTree = "<group>"; };
/* End PBXFileReference section */

/* Begin PBXFrameworksBuildPhase section */
		2D2374321D239E6B00D71517 /* Frameworks */ = {
			isa = PBXFrameworksBuildPhase;
			buildActionMask = 2147483647;
			files = (
				2D23748C1D239FBE00D71517 /* OpenGLES.framework in Frameworks */,
			);
			runOnlyForDeploymentPostprocessing = 0;
		};
/* End PBXFrameworksBuildPhase section */

/* Begin PBXGroup section */
		2D23742C1D239E6B00D71517 = {
			isa = PBXGroup;
			children = (
				2D2374891D239F9F00D71517 /* ChangeLog.md */,
				2D23748B1D239FBE00D71517 /* OpenGLES.framework */,
				2D2374371D239E6B00D71517 /* Application3D */,
				2D2374361D239E6B00D71517 /* Products */,
			);
			sourceTree = "<group>";
		};
		2D2374361D239E6B00D71517 /* Products */ = {
			isa = PBXGroup;
			children = (
				2D2374351D239E6B00D71517 /* libApplication3D.a */,
			);
			name = Products;
			sourceTree = "<group>";
		};
		2D2374371D239E6B00D71517 /* Application3D */ = {
			isa = PBXGroup;
			children = (
				2D23748F1D23A28700D71517 /* CZNode.h */,
				2D2374901D23AAA100D71517 /* CZNode.cpp */,
				2D2374941D23BE6100D71517 /* animation */,
				2D2374641D239EE000D71517 /* shape */,
				2D2374671D239F6A00D71517 /* Application3D.cpp */,
				2D2374681D239F6A00D71517 /* Application3D.h */,
				2D2374691D239F6A00D71517 /* CZBasic.h */,
				2D23746A1D239F6A00D71517 /* CZDefine.h */,
				2D23746B1D239F6A00D71517 /* CZGeometry.cpp */,
				2D23746C1D239F6A00D71517 /* CZGeometry.h */,
				2D23746D1D239F6A00D71517 /* CZLog.h */,
				2D23746E1D239F6A00D71517 /* CZMat4.cpp */,
				2D23746F1D239F6A00D71517 /* CZMat4.h */,
				2D2374701D239F6A00D71517 /* CZMaterial.cpp */,
				2D2374711D239F6A00D71517 /* CZMaterial.h */,
				2D2374721D239F6A00D71517 /* CZMaterialLib.cpp */,
				2D2374731D239F6A00D71517 /* CZMaterialLib.h */,
				2D2374741D239F6A00D71517 /* CZObjFileParser.cpp */,
				2D2374751D239F6A00D71517 /* CZObjFileParser.h */,
				2D2374761D239F6A00D71517 /* CZObjModel.cpp */,
				2D2374771D239F6A00D71517 /* CZObjModel.h */,
				2D2374781D239F6A00D71517 /* CZShader.cpp */,
				2D2374791D239F6A00D71517 /* CZShader.h */,
				2D23747A1D239F6A00D71517 /* CZUtil.mm */,
				2D23747B1D239F6A00D71517 /* CZVector.h */,
				2D23747C1D239F6A00D71517 /* UIImage+Resize.h */,
				2D23747D1D239F6A00D71517 /* UIImage+Resize.m */,
			);
			path = Application3D;
			sourceTree = "<group>";
		};
		2D2374641D239EE000D71517 /* shape */ = {
			isa = PBXGroup;
			children = (
				2D2374881D239F8300D71517 /* CZShape.h */,
				2D23749E1D23C3D100D71517 /* CZCube.cpp */,
				2D23749F1D23C3D100D71517 /* CZCube.hpp */,
				2D03ED5A1D2A5C7E009B96B5 /* CZFace.cpp */,
				2D03ED5B1D2A5C7E009B96B5 /* CZFace.hpp */,
			);
			name = shape;
			sourceTree = "<group>";
		};
		2D2374941D23BE6100D71517 /* animation */ = {
			isa = PBXGroup;
			children = (
				2D2374951D23BEA400D71517 /* CZAnimaitonManager.cpp */,
				2D2374961D23BEA400D71517 /* CZAnimaitonManager.hpp */,
				2D2374981D23BF3800D71517 /* CZAnimation.cpp */,
				2D2374991D23BF3800D71517 /* CZAnimation.hpp */,
				2D23749B1D23C35900D71517 /* CZShapeAnimation.cpp */,
				2D23749C1D23C35900D71517 /* CZShapeAnimation.hpp */,
			);
			name = animation;
			sourceTree = "<group>";
		};
/* End PBXGroup section */

/* Begin PBXNativeTarget section */
		2D2374341D239E6B00D71517 /* Application3D */ = {
			isa = PBXNativeTarget;
			buildConfigurationList = 2D23743E1D239E6B00D71517 /* Build configuration list for PBXNativeTarget "Application3D" */;
			buildPhases = (
				2D2374311D239E6B00D71517 /* Sources */,
				2D2374321D239E6B00D71517 /* Frameworks */,
				2D2374331D239E6B00D71517 /* CopyFiles */,
			);
			buildRules = (
			);
			dependencies = (
			);
			name = Application3D;
			productName = Application3D;
			productReference = 2D2374351D239E6B00D71517 /* libApplication3D.a */;
			productType = "com.apple.product-type.library.static";
		};
/* End PBXNativeTarget section */

/* Begin PBXProject section */
		2D23742D1D239E6B00D71517 /* Project object */ = {
			isa = PBXProject;
			attributes = {
				LastUpgradeCheck = 0730;
				ORGANIZATIONNAME = CharlyZhang;
				TargetAttributes = {
					2D2374341D239E6B00D71517 = {
						CreatedOnToolsVersion = 7.3.1;
						DevelopmentTeam = 7NC252WH29;
					};
				};
			};
			buildConfigurationList = 2D2374301D239E6B00D71517 /* Build configuration list for PBXProject "Application3D" */;
			compatibilityVersion = "Xcode 3.2";
			developmentRegion = English;
			hasScannedForEncodings = 0;
			knownRegions = (
				en,
			);
			mainGroup = 2D23742C1D239E6B00D71517;
			productRefGroup = 2D2374361D239E6B00D71517 /* Products */;
			projectDirPath = "";
			projectRoot = "";
			targets = (
				2D2374341D239E6B00D71517 /* Application3D */,
			);
		};
/* End PBXProject section */

/* Begin PBXSourcesBuildPhase section */
		2D2374311D239E6B00D71517 /* Sources */ = {
			isa = PBXSourcesBuildPhase;
			buildActionMask = 2147483647;
			files = (
				2D2374821D239F6A00D71517 /* CZMaterialLib.cpp in Sources */,
				2D2374801D239F6A00D71517 /* CZMat4.cpp in Sources */,
				2D2374871D239F6A00D71517 /* UIImage+Resize.m in Sources */,
				2D2374851D239F6A00D71517 /* CZShader.cpp in Sources */,
				2D2374831D239F6A00D71517 /* CZObjFileParser.cpp in Sources */,
				2D23747E1D239F6A00D71517 /* Application3D.cpp in Sources */,
				2D23747F1D239F6A00D71517 /* CZGeometry.cpp in Sources */,
				2D03ED5C1D2A5C7E009B96B5 /* CZFace.cpp in Sources */,
				2D23749D1D23C35900D71517 /* CZShapeAnimation.cpp in Sources */,
				2D2374A01D23C3D100D71517 /* CZCube.cpp in Sources */,
				2D2374911D23AAA100D71517 /* CZNode.cpp in Sources */,
				2D2374811D239F6A00D71517 /* CZMaterial.cpp in Sources */,
				2D23749A1D23BF3800D71517 /* CZAnimation.cpp in Sources */,
				2D2374861D239F6A00D71517 /* CZUtil.mm in Sources */,
				2D2374841D239F6A00D71517 /* CZObjModel.cpp in Sources */,
				2D2374971D23BEA400D71517 /* CZAnimaitonManager.cpp in Sources */,
			);
			runOnlyForDeploymentPostprocessing = 0;
		};
/* End PBXSourcesBuildPhase section */

/* Begin XCBuildConfiguration section */
		2D23743C1D239E6B00D71517 /* Debug */ = {
			isa = XCBuildConfiguration;
			buildSettings = {
				ALWAYS_SEARCH_USER_PATHS = NO;
				CLANG_ANALYZER_NONNULL = YES;
				CLANG_CXX_LANGUAGE_STANDARD = "gnu++0x";
				CLANG_CXX_LIBRARY = "libc++";
				CLANG_ENABLE_MODULES = YES;
				CLANG_ENABLE_OBJC_ARC = YES;
				CLANG_WARN_BOOL_CONVERSION = YES;
				CLANG_WARN_CONSTANT_CONVERSION = YES;
				CLANG_WARN_DIRECT_OBJC_ISA_USAGE = YES_ERROR;
				CLANG_WARN_EMPTY_BODY = YES;
				CLANG_WARN_ENUM_CONVERSION = YES;
				CLANG_WARN_INT_CONVERSION = YES;
				CLANG_WARN_OBJC_ROOT_CLASS = YES_ERROR;
				CLANG_WARN_UNREACHABLE_CODE = YES;
				CLANG_WARN__DUPLICATE_METHOD_MATCH = YES;
				"CODE_SIGN_IDENTITY[sdk=iphoneos*]" = "iPhone Developer";
				COPY_PHASE_STRIP = NO;
				DEBUG_INFORMATION_FORMAT = dwarf;
				ENABLE_STRICT_OBJC_MSGSEND = YES;
				ENABLE_TESTABILITY = YES;
				GCC_C_LANGUAGE_STANDARD = gnu99;
				GCC_DYNAMIC_NO_PIC = NO;
				GCC_NO_COMMON_BLOCKS = YES;
				GCC_OPTIMIZATION_LEVEL = 0;
				GCC_PREPROCESSOR_DEFINITIONS = (
					"DEBUG=1",
					"$(inherited)",
				);
				GCC_WARN_64_TO_32_BIT_CONVERSION = YES;
				GCC_WARN_ABOUT_RETURN_TYPE = YES_ERROR;
				GCC_WARN_UNDECLARED_SELECTOR = YES;
				GCC_WARN_UNINITIALIZED_AUTOS = YES_AGGRESSIVE;
				GCC_WARN_UNUSED_FUNCTION = YES;
				GCC_WARN_UNUSED_VARIABLE = YES;
				IPHONEOS_DEPLOYMENT_TARGET = 9.3;
				MTL_ENABLE_DEBUG_INFO = YES;
				ONLY_ACTIVE_ARCH = YES;
				SDKROOT = iphoneos;
			};
			name = Debug;
		};
		2D23743D1D239E6B00D71517 /* Release */ = {
			isa = XCBuildConfiguration;
			buildSettings = {
				ALWAYS_SEARCH_USER_PATHS = NO;
				CLANG_ANALYZER_NONNULL = YES;
				CLANG_CXX_LANGUAGE_STANDARD = "gnu++0x";
				CLANG_CXX_LIBRARY = "libc++";
				CLANG_ENABLE_MODULES = YES;
				CLANG_ENABLE_OBJC_ARC = YES;
				CLANG_WARN_BOOL_CONVERSION = YES;
				CLANG_WARN_CONSTANT_CONVERSION = YES;
				CLANG_WARN_DIRECT_OBJC_ISA_USAGE = YES_ERROR;
				CLANG_WARN_EMPTY_BODY = YES;
				CLANG_WARN_ENUM_CONVERSION = YES;
				CLANG_WARN_INT_CONVERSION = YES;
				CLANG_WARN_OBJC_ROOT_CLASS = YES_ERROR;
				CLANG_WARN_UNREACHABLE_CODE = YES;
				CLANG_WARN__DUPLICATE_METHOD_MATCH = YES;
				"CODE_SIGN_IDENTITY[sdk=iphoneos*]" = "iPhone Developer";
				COPY_PHASE_STRIP = NO;
				DEBUG_INFORMATION_FORMAT = "dwarf-with-dsym";
				ENABLE_NS_ASSERTIONS = NO;
				ENABLE_STRICT_OBJC_MSGSEND = YES;
				GCC_C_LANGUAGE_STANDARD = gnu99;
				GCC_NO_COMMON_BLOCKS = YES;
				GCC_WARN_64_TO_32_BIT_CONVERSION = YES;
				GCC_WARN_ABOUT_RETURN_TYPE = YES_ERROR;
				GCC_WARN_UNDECLARED_SELECTOR = YES;
				GCC_WARN_UNINITIALIZED_AUTOS = YES_AGGRESSIVE;
				GCC_WARN_UNUSED_FUNCTION = YES;
				GCC_WARN_UNUSED_VARIABLE = YES;
				IPHONEOS_DEPLOYMENT_TARGET = 9.3;
				MTL_ENABLE_DEBUG_INFO = NO;
				SDKROOT = iphoneos;
				VALIDATE_PRODUCT = YES;
			};
			name = Release;
		};
		2D23743F1D239E6B00D71517 /* Debug */ = {
			isa = XCBuildConfiguration;
			buildSettings = {
				OTHER_LDFLAGS = "-ObjC";
				PRODUCT_NAME = "$(TARGET_NAME)";
				SKIP_INSTALL = YES;
			};
			name = Debug;
		};
		2D2374401D239E6B00D71517 /* Release */ = {
			isa = XCBuildConfiguration;
			buildSettings = {
				OTHER_LDFLAGS = "-ObjC";
				PRODUCT_NAME = "$(TARGET_NAME)";
				SKIP_INSTALL = YES;
			};
			name = Release;
		};
/* End XCBuildConfiguration section */

/* Begin XCConfigurationList section */
		2D2374301D239E6B00D71517 /* Build configuration list for PBXProject "Application3D" */ = {
			isa = XCConfigurationList;
			buildConfigurations = (
				2D23743C1D239E6B00D71517 /* Debug */,
				2D23743D1D239E6B00D71517 /* Release */,
			);
			defaultConfigurationIsVisible = 0;
			defaultConfigurationName = Release;
		};
		2D23743E1D239E6B00D71517 /* Build configuration list for PBXNativeTarget "Application3D" */ = {
			isa = XCConfigurationList;
			buildConfigurations = (
				2D23743F1D239E6B00D71517 /* Debug */,
				2D2374401D239E6B00D71517 /* Release */,
			);
			defaultConfigurationIsVisible = 0;
			defaultConfigurationName = Release;
		};
/* End XCConfigurationList section */
	};
	rootObject = 2D23742D1D239E6B00D71517 /* Project object */;
}
