<?xml version="1.0" encoding="utf-8"?>
<Project ToolsVersion="4.0" xmlns="http://schemas.microsoft.com/developer/msbuild/2003">
  <ItemGroup>
    <Filter Include="源文件">
      <UniqueIdentifier>{4FC737F1-C7A5-4376-A066-2A32D752A2FF}</UniqueIdentifier>
      <Extensions>cpp;c;cc;cxx;def;odl;idl;hpj;bat;asm;asmx</Extensions>
    </Filter>
    <Filter Include="头文件">
      <UniqueIdentifier>{93995380-89BD-4b04-88EB-625FBE52EBFB}</UniqueIdentifier>
      <Extensions>h;hpp;hxx;hm;inl;inc;xsd</Extensions>
    </Filter>
    <Filter Include="资源文件">
      <UniqueIdentifier>{67DA6AB6-F800-4c08-8B7A-83BB121AAD01}</UniqueIdentifier>
      <Extensions>rc;ico;cur;bmp;dlg;rc2;rct;bin;rgs;gif;jpg;jpeg;jpe;resx;tiff;tif;png;wav;mfcribbon-ms</Extensions>
    </Filter>
    <Filter Include="glsl">
      <UniqueIdentifier>{207310d0-4def-4a15-97e2-c166046ff23c}</UniqueIdentifier>
    </Filter>
    <Filter Include="model">
      <UniqueIdentifier>{621f0440-3258-40fe-be92-0c52791a9dae}</UniqueIdentifier>
    </Filter>
    <Filter Include="头文件\shaders">
      <UniqueIdentifier>{b08b9d41-6d93-4bbb-bae8-ad1cd9e1dae4}</UniqueIdentifier>
    </Filter>
    <Filter Include="源文件\shaders">
      <UniqueIdentifier>{894e3395-aa5a-4b20-a6ed-9efd26a0cb52}</UniqueIdentifier>
    </Filter>
  </ItemGroup>
  <ItemGroup>
    <ClCompile Include="..\..\src\CZMat4.cpp">
      <Filter>源文件</Filter>
    </ClCompile>
    <ClCompile Include="..\..\src\CZUtil.cpp">
      <Filter>源文件</Filter>
    </ClCompile>
    <ClCompile Include="..\..\src\Application3D.cpp">
      <Filter>源文件</Filter>
    </ClCompile>
    <ClCompile Include="..\..\src\main.cpp" />
    <ClCompile Include="..\..\src\CZObjModel.cpp">
      <Filter>model</Filter>
    </ClCompile>
    <ClCompile Include="..\..\src\CZMaterial.cpp">
      <Filter>model</Filter>
    </ClCompile>
    <ClCompile Include="..\..\src\CZRenderer.cpp">
      <Filter>源文件</Filter>
    </ClCompile>
    <ClCompile Include="..\..\src\CZGeometry.cpp">
      <Filter>model</Filter>
    </ClCompile>
    <ClCompile Include="..\..\src\CZMaterialLib.cpp">
      <Filter>model</Filter>
    </ClCompile>
    <ClCompile Include="..\..\src\CZObjFileParser.cpp">
      <Filter>model</Filter>
    </ClCompile>
    <ClCompile Include="..\..\src\CZShader.cpp">
      <Filter>源文件\shaders</Filter>
    </ClCompile>
    <ClCompile Include="..\..\src\CZStandardShader.cpp">
      <Filter>源文件\shaders</Filter>
    </ClCompile>
    <ClCompile Include="..\..\src\CZNontexShader.cpp">
      <Filter>源文件\shaders</Filter>
    </ClCompile>
    <ClCompile Include="..\..\src\CZStandardDirectionalShader.cpp">
      <Filter>源文件\shaders</Filter>
    </ClCompile>
  </ItemGroup>
  <ItemGroup>
    <ClInclude Include="..\..\src\CZLog.h">
      <Filter>头文件</Filter>
    </ClInclude>
    <ClInclude Include="..\..\src\CZVector.h">
      <Filter>头文件</Filter>
    </ClInclude>
    <ClInclude Include="..\..\src\CZDefine.h">
      <Filter>头文件</Filter>
    </ClInclude>
    <ClInclude Include="..\..\src\CZMat4.h">
      <Filter>头文件</Filter>
    </ClInclude>
    <ClInclude Include="..\..\src\Application3D.h">
      <Filter>头文件</Filter>
    </ClInclude>
    <ClInclude Include="..\..\src\CZBasic.h">
      <Filter>头文件</Filter>
    </ClInclude>
    <ClInclude Include="..\..\src\CZMaterial.h">
      <Filter>model</Filter>
    </ClInclude>
    <ClInclude Include="..\..\src\CZObjModel.h">
      <Filter>model</Filter>
    </ClInclude>
    <ClInclude Include="..\..\src\CZRenderer.h">
      <Filter>model</Filter>
    </ClInclude>
    <ClInclude Include="..\..\src\CZGeometry.h">
      <Filter>model</Filter>
    </ClInclude>
    <ClInclude Include="..\..\src\CZMaterialLib.h">
      <Filter>model</Filter>
    </ClInclude>
    <ClInclude Include="..\..\src\CZObjFileParser.h">
      <Filter>model</Filter>
    </ClInclude>
    <ClInclude Include="..\..\src\CZStandardShader.h">
      <Filter>头文件\shaders</Filter>
    </ClInclude>
    <ClInclude Include="..\..\src\CZShader.h">
      <Filter>头文件\shaders</Filter>
    </ClInclude>
    <ClInclude Include="..\..\src\CZNontexShader.h">
      <Filter>头文件\shaders</Filter>
    </ClInclude>
    <ClInclude Include="..\..\src\CZStandardDirectionalShader.h">
      <Filter>头文件\shaders</Filter>
    </ClInclude>
  </ItemGroup>
  <ItemGroup>
    <None Include="..\..\src\glsl\standard.frag">
      <Filter>glsl</Filter>
    </None>
    <None Include="..\..\src\glsl\standard.vert">
      <Filter>glsl</Filter>
    </None>
    <None Include="..\..\src\glsl\nonTex.frag">
      <Filter>glsl</Filter>
    </None>
    <None Include="scene.cfg" />
    <None Include="scene_violin.cfg" />
  </ItemGroup>
  <ItemGroup>
    <Text Include="..\..\src\glsl\standardDirectional.frag">
      <Filter>glsl</Filter>
    </Text>
  </ItemGroup>
</Project>